
Microsoft Visual Studio Solution File, Format Version 12.00
Project("{FAE04EC0-301F-11D3-BF4B-00C04F79EFBC}") = "factory-method-sample", "factory-method-sample\factory-method-sample.csproj", "{14E9DF0C-58E0-49EF-B81E-DF0E4BC47CE7}"
EndProject
Project("{FAE04EC0-301F-11D3-BF4B-00C04F79EFBC}") = "abstract-factory-sample", "abstract-factory-sample\abstract-factory-sample.csproj", "{03369700-334B-4881-A766-C46A04142A8B}"
EndProject
Project("{FAE04EC0-301F-11D3-BF4B-00C04F79EFBC}") = "singleton-sample", "singleton-sample\singleton-sample.csproj", "{22D5FA26-D29A-48FD-B334-4DF455445A44}"
EndProject
Project("{FAE04EC0-301F-11D3-BF4B-00C04F79EFBC}") = "prototype-sample", "prototype-sample\prototype-sample.csproj", "{536F8F26-E9F1-4000-ACAC-4D488D769490}"
EndProject
Project("{FAE04EC0-301F-11D3-BF4B-00C04F79EFBC}") = "builder-pattern", "builder-pattern\builder-pattern.csproj", "{D0689D09-C971-4497-8106-7326D8584157}"
EndProject
Global
	GlobalSection(SolutionConfigurationPlatforms) = preSolution
		Debug|Any CPU = Debug|Any CPU
		Release|Any CPU = Release|Any CPU
	EndGlobalSection
	GlobalSection(ProjectConfigurationPlatforms) = postSolution
		{14E9DF0C-58E0-49EF-B81E-DF0E4BC47CE7}.Debug|Any CPU.ActiveCfg = Debug|Any CPU
		{14E9DF0C-58E0-49EF-B81E-DF0E4BC47CE7}.Debug|Any CPU.Build.0 = Debug|Any CPU
		{14E9DF0C-58E0-49EF-B81E-DF0E4BC47CE7}.Release|Any CPU.ActiveCfg = Release|Any CPU
		{14E9DF0C-58E0-49EF-B81E-DF0E4BC47CE7}.Release|Any CPU.Build.0 = Release|Any CPU
		{03369700-334B-4881-A766-C46A04142A8B}.Debug|Any CPU.ActiveCfg = Debug|Any CPU
		{03369700-334B-4881-A766-C46A04142A8B}.Debug|Any CPU.Build.0 = Debug|Any CPU
		{03369700-334B-4881-A766-C46A04142A8B}.Release|Any CPU.ActiveCfg = Release|Any CPU
		{03369700-334B-4881-A766-C46A04142A8B}.Release|Any CPU.Build.0 = Release|Any CPU
		{22D5FA26-D29A-48FD-B334-4DF455445A44}.Debug|Any CPU.ActiveCfg = Debug|Any CPU
		{22D5FA26-D29A-48FD-B334-4DF455445A44}.Debug|Any CPU.Build.0 = Debug|Any CPU
		{22D5FA26-D29A-48FD-B334-4DF455445A44}.Release|Any CPU.ActiveCfg = Release|Any CPU
		{22D5FA26-D29A-48FD-B334-4DF455445A44}.Release|Any CPU.Build.0 = Release|Any CPU
		{536F8F26-E9F1-4000-ACAC-4D488D769490}.Debug|Any CPU.ActiveCfg = Debug|Any CPU
		{536F8F26-E9F1-4000-ACAC-4D488D769490}.Debug|Any CPU.Build.0 = Debug|Any CPU
		{536F8F26-E9F1-4000-ACAC-4D488D769490}.Release|Any CPU.ActiveCfg = Release|Any CPU
		{536F8F26-E9F1-4000-ACAC-4D488D769490}.Release|Any CPU.Build.0 = Release|Any CPU
		{D0689D09-C971-4497-8106-7326D8584157}.Debug|Any CPU.ActiveCfg = Debug|Any CPU
		{D0689D09-C971-4497-8106-7326D8584157}.Debug|Any CPU.Build.0 = Debug|Any CPU
		{D0689D09-C971-4497-8106-7326D8584157}.Release|Any CPU.ActiveCfg = Release|Any CPU
		{D0689D09-C971-4497-8106-7326D8584157}.Release|Any CPU.Build.0 = Release|Any CPU
	EndGlobalSection
EndGlobal
